
Microsoft Visual Studio Solution File, Format Version 12.00
# Visual Studio 14
VisualStudioVersion = 14.0.25420.1
MinimumVisualStudioVersion = 10.0.40219.1
Project("{FAE04EC0-301F-11D3-BF4B-00C04F79EFBC}") = "Family", "Family\Family\Family.csproj", "{68246768-1563-4FFF-887A-4F0894743053}"
EndProject
Project("{FAE04EC0-301F-11D3-BF4B-00C04F79EFBC}") = "Family.Droid", "Family\Family.Droid\Family.Droid.csproj", "{4AB319A0-B4E8-4F1E-AB41-19EA88B228A3}"
EndProject
Project("{FAE04EC0-301F-11D3-BF4B-00C04F79EFBC}") = "Family.iOS", "Family\Family.iOS\Family.iOS.csproj", "{113AE897-FF2C-4578-9919-F659EF634B1E}"
EndProject
Project("{FAE04EC0-301F-11D3-BF4B-00C04F79EFBC}") = "Family.WinPhone", "Family\Family.WinPhone\Family.WinPhone.csproj", "{808F8AF6-EE63-463B-A67E-73E20166F982}"
EndProject
Project("{FAE04EC0-301F-11D3-BF4B-00C04F79EFBC}") = "Family.Windows", "Family\Family.Windows\Family.Windows.csproj", "{DD451563-B4C9-437B-8816-90046C650300}"
EndProject
Global
	GlobalSection(SolutionConfigurationPlatforms) = preSolution
		Ad-Hoc|Any CPU = Ad-Hoc|Any CPU
		Ad-Hoc|ARM = Ad-Hoc|ARM
		Ad-Hoc|iPhone = Ad-Hoc|iPhone
		Ad-Hoc|iPhoneSimulator = Ad-Hoc|iPhoneSimulator
		Ad-Hoc|x64 = Ad-Hoc|x64
		Ad-Hoc|x86 = Ad-Hoc|x86
		AppStore|Any CPU = AppStore|Any CPU
		AppStore|ARM = AppStore|ARM
		AppStore|iPhone = AppStore|iPhone
		AppStore|iPhoneSimulator = AppStore|iPhoneSimulator
		AppStore|x64 = AppStore|x64
		AppStore|x86 = AppStore|x86
		Debug|Any CPU = Debug|Any CPU
		Debug|ARM = Debug|ARM
		Debug|iPhone = Debug|iPhone
		Debug|iPhoneSimulator = Debug|iPhoneSimulator
		Debug|x64 = Debug|x64
		Debug|x86 = Debug|x86
		Release|Any CPU = Release|Any CPU
		Release|ARM = Release|ARM
		Release|iPhone = Release|iPhone
		Release|iPhoneSimulator = Release|iPhoneSimulator
		Release|x64 = Release|x64
		Release|x86 = Release|x86
	EndGlobalSection
	GlobalSection(ProjectConfigurationPlatforms) = postSolution
		{68246768-1563-4FFF-887A-4F0894743053}.Ad-Hoc|Any CPU.ActiveCfg = Release|Any CPU
		{68246768-1563-4FFF-887A-4F0894743053}.Ad-Hoc|Any CPU.Build.0 = Release|Any CPU
		{68246768-1563-4FFF-887A-4F0894743053}.Ad-Hoc|ARM.ActiveCfg = Release|Any CPU
		{68246768-1563-4FFF-887A-4F0894743053}.Ad-Hoc|ARM.Build.0 = Release|Any CPU
		{68246768-1563-4FFF-887A-4F0894743053}.Ad-Hoc|iPhone.ActiveCfg = Release|Any CPU
		{68246768-1563-4FFF-887A-4F0894743053}.Ad-Hoc|iPhone.Build.0 = Release|Any CPU
		{68246768-1563-4FFF-887A-4F0894743053}.Ad-Hoc|iPhoneSimulator.ActiveCfg = Release|Any CPU
		{68246768-1563-4FFF-887A-4F0894743053}.Ad-Hoc|iPhoneSimulator.Build.0 = Release|Any CPU
		{68246768-1563-4FFF-887A-4F0894743053}.Ad-Hoc|x64.ActiveCfg = Release|Any CPU
		{68246768-1563-4FFF-887A-4F0894743053}.Ad-Hoc|x64.Build.0 = Release|Any CPU
		{68246768-1563-4FFF-887A-4F0894743053}.Ad-Hoc|x86.ActiveCfg = Release|Any CPU
		{68246768-1563-4FFF-887A-4F0894743053}.Ad-Hoc|x86.Build.0 = Release|Any CPU
		{68246768-1563-4FFF-887A-4F0894743053}.AppStore|Any CPU.ActiveCfg = Release|Any CPU
		{68246768-1563-4FFF-887A-4F0894743053}.AppStore|Any CPU.Build.0 = Release|Any CPU
		{68246768-1563-4FFF-887A-4F0894743053}.AppStore|ARM.ActiveCfg = Release|Any CPU
		{68246768-1563-4FFF-887A-4F0894743053}.AppStore|ARM.Build.0 = Release|Any CPU
		{68246768-1563-4FFF-887A-4F0894743053}.AppStore|iPhone.ActiveCfg = Release|Any CPU
		{68246768-1563-4FFF-887A-4F0894743053}.AppStore|iPhone.Build.0 = Release|Any CPU
		{68246768-1563-4FFF-887A-4F0894743053}.AppStore|iPhoneSimulator.ActiveCfg = Release|Any CPU
		{68246768-1563-4FFF-887A-4F0894743053}.AppStore|iPhoneSimulator.Build.0 = Release|Any CPU
		{68246768-1563-4FFF-887A-4F0894743053}.AppStore|x64.ActiveCfg = Release|Any CPU
		{68246768-1563-4FFF-887A-4F0894743053}.AppStore|x64.Build.0 = Release|Any CPU
		{68246768-1563-4FFF-887A-4F0894743053}.AppStore|x86.ActiveCfg = Release|Any CPU
		{68246768-1563-4FFF-887A-4F0894743053}.AppStore|x86.Build.0 = Release|Any CPU
		{68246768-1563-4FFF-887A-4F0894743053}.Debug|Any CPU.ActiveCfg = Debug|Any CPU
		{68246768-1563-4FFF-887A-4F0894743053}.Debug|Any CPU.Build.0 = Debug|Any CPU
		{68246768-1563-4FFF-887A-4F0894743053}.Debug|ARM.ActiveCfg = Debug|Any CPU
		{68246768-1563-4FFF-887A-4F0894743053}.Debug|ARM.Build.0 = Debug|Any CPU
		{68246768-1563-4FFF-887A-4F0894743053}.Debug|iPhone.ActiveCfg = Debug|Any CPU
		{68246768-1563-4FFF-887A-4F0894743053}.Debug|iPhone.Build.0 = Debug|Any CPU
		{68246768-1563-4FFF-887A-4F0894743053}.Debug|iPhoneSimulator.ActiveCfg = Debug|Any CPU
		{68246768-1563-4FFF-887A-4F0894743053}.Debug|iPhoneSimulator.Build.0 = Debug|Any CPU
		{68246768-1563-4FFF-887A-4F0894743053}.Debug|x64.ActiveCfg = Debug|Any CPU
		{68246768-1563-4FFF-887A-4F0894743053}.Debug|x64.Build.0 = Debug|Any CPU
		{68246768-1563-4FFF-887A-4F0894743053}.Debug|x86.ActiveCfg = Debug|Any CPU
		{68246768-1563-4FFF-887A-4F0894743053}.Debug|x86.Build.0 = Debug|Any CPU
		{68246768-1563-4FFF-887A-4F0894743053}.Release|Any CPU.ActiveCfg = Release|Any CPU
		{68246768-1563-4FFF-887A-4F0894743053}.Release|Any CPU.Build.0 = Release|Any CPU
		{68246768-1563-4FFF-887A-4F0894743053}.Release|ARM.ActiveCfg = Release|Any CPU
		{68246768-1563-4FFF-887A-4F0894743053}.Release|ARM.Build.0 = Release|Any CPU
		{68246768-1563-4FFF-887A-4F0894743053}.Release|iPhone.ActiveCfg = Release|Any CPU
		{68246768-1563-4FFF-887A-4F0894743053}.Release|iPhone.Build.0 = Release|Any CPU
		{68246768-1563-4FFF-887A-4F0894743053}.Release|iPhoneSimulator.ActiveCfg = Release|Any CPU
		{68246768-1563-4FFF-887A-4F0894743053}.Release|iPhoneSimulator.Build.0 = Release|Any CPU
		{68246768-1563-4FFF-887A-4F0894743053}.Release|x64.ActiveCfg = Release|Any CPU
		{68246768-1563-4FFF-887A-4F0894743053}.Release|x64.Build.0 = Release|Any CPU
		{68246768-1563-4FFF-887A-4F0894743053}.Release|x86.ActiveCfg = Release|Any CPU
		{68246768-1563-4FFF-887A-4F0894743053}.Release|x86.Build.0 = Release|Any CPU
		{4AB319A0-B4E8-4F1E-AB41-19EA88B228A3}.Ad-Hoc|Any CPU.ActiveCfg = Release|Any CPU
		{4AB319A0-B4E8-4F1E-AB41-19EA88B228A3}.Ad-Hoc|Any CPU.Build.0 = Release|Any CPU
		{4AB319A0-B4E8-4F1E-AB41-19EA88B228A3}.Ad-Hoc|Any CPU.Deploy.0 = Release|Any CPU
		{4AB319A0-B4E8-4F1E-AB41-19EA88B228A3}.Ad-Hoc|ARM.ActiveCfg = Release|Any CPU
		{4AB319A0-B4E8-4F1E-AB41-19EA88B228A3}.Ad-Hoc|ARM.Build.0 = Release|Any CPU
		{4AB319A0-B4E8-4F1E-AB41-19EA88B228A3}.Ad-Hoc|ARM.Deploy.0 = Release|Any CPU
		{4AB319A0-B4E8-4F1E-AB41-19EA88B228A3}.Ad-Hoc|iPhone.ActiveCfg = Release|Any CPU
		{4AB319A0-B4E8-4F1E-AB41-19EA88B228A3}.Ad-Hoc|iPhone.Build.0 = Release|Any CPU
		{4AB319A0-B4E8-4F1E-AB41-19EA88B228A3}.Ad-Hoc|iPhone.Deploy.0 = Release|Any CPU
		{4AB319A0-B4E8-4F1E-AB41-19EA88B228A3}.Ad-Hoc|iPhoneSimulator.ActiveCfg = Release|Any CPU
		{4AB319A0-B4E8-4F1E-AB41-19EA88B228A3}.Ad-Hoc|iPhoneSimulator.Build.0 = Release|Any CPU
		{4AB319A0-B4E8-4F1E-AB41-19EA88B228A3}.Ad-Hoc|iPhoneSimulator.Deploy.0 = Release|Any CPU
		{4AB319A0-B4E8-4F1E-AB41-19EA88B228A3}.Ad-Hoc|x64.ActiveCfg = Release|Any CPU
		{4AB319A0-B4E8-4F1E-AB41-19EA88B228A3}.Ad-Hoc|x64.Build.0 = Release|Any CPU
		{4AB319A0-B4E8-4F1E-AB41-19EA88B228A3}.Ad-Hoc|x64.Deploy.0 = Release|Any CPU
		{4AB319A0-B4E8-4F1E-AB41-19EA88B228A3}.Ad-Hoc|x86.ActiveCfg = Release|Any CPU
		{4AB319A0-B4E8-4F1E-AB41-19EA88B228A3}.Ad-Hoc|x86.Build.0 = Release|Any CPU
		{4AB319A0-B4E8-4F1E-AB41-19EA88B228A3}.Ad-Hoc|x86.Deploy.0 = Release|Any CPU
		{4AB319A0-B4E8-4F1E-AB41-19EA88B228A3}.AppStore|Any CPU.ActiveCfg = Release|Any CPU
		{4AB319A0-B4E8-4F1E-AB41-19EA88B228A3}.AppStore|Any CPU.Build.0 = Release|Any CPU
		{4AB319A0-B4E8-4F1E-AB41-19EA88B228A3}.AppStore|Any CPU.Deploy.0 = Release|Any CPU
		{4AB319A0-B4E8-4F1E-AB41-19EA88B228A3}.AppStore|ARM.ActiveCfg = Release|Any CPU
		{4AB319A0-B4E8-4F1E-AB41-19EA88B228A3}.AppStore|ARM.Build.0 = Release|Any CPU
		{4AB319A0-B4E8-4F1E-AB41-19EA88B228A3}.AppStore|ARM.Deploy.0 = Release|Any CPU
		{4AB319A0-B4E8-4F1E-AB41-19EA88B228A3}.AppStore|iPhone.ActiveCfg = Release|Any CPU
		{4AB319A0-B4E8-4F1E-AB41-19EA88B228A3}.AppStore|iPhone.Build.0 = Release|Any CPU
		{4AB319A0-B4E8-4F1E-AB41-19EA88B228A3}.AppStore|iPhone.Deploy.0 = Release|Any CPU
		{4AB319A0-B4E8-4F1E-AB41-19EA88B228A3}.AppStore|iPhoneSimulator.ActiveCfg = Release|Any CPU
		{4AB319A0-B4E8-4F1E-AB41-19EA88B228A3}.AppStore|iPhoneSimulator.Build.0 = Release|Any CPU
		{4AB319A0-B4E8-4F1E-AB41-19EA88B228A3}.AppStore|iPhoneSimulator.Deploy.0 = Release|Any CPU
		{4AB319A0-B4E8-4F1E-AB41-19EA88B228A3}.AppStore|x64.ActiveCfg = Release|Any CPU
		{4AB319A0-B4E8-4F1E-AB41-19EA88B228A3}.AppStore|x64.Build.0 = Release|Any CPU
		{4AB319A0-B4E8-4F1E-AB41-19EA88B228A3}.AppStore|x64.Deploy.0 = Release|Any CPU
		{4AB319A0-B4E8-4F1E-AB41-19EA88B228A3}.AppStore|x86.ActiveCfg = Release|Any CPU
		{4AB319A0-B4E8-4F1E-AB41-19EA88B228A3}.AppStore|x86.Build.0 = Release|Any CPU
		{4AB319A0-B4E8-4F1E-AB41-19EA88B228A3}.AppStore|x86.Deploy.0 = Release|Any CPU
		{4AB319A0-B4E8-4F1E-AB41-19EA88B228A3}.Debug|Any CPU.ActiveCfg = Debug|Any CPU
		{4AB319A0-B4E8-4F1E-AB41-19EA88B228A3}.Debug|Any CPU.Build.0 = Debug|Any CPU
		{4AB319A0-B4E8-4F1E-AB41-19EA88B228A3}.Debug|Any CPU.Deploy.0 = Debug|Any CPU
		{4AB319A0-B4E8-4F1E-AB41-19EA88B228A3}.Debug|ARM.ActiveCfg = Debug|Any CPU
		{4AB319A0-B4E8-4F1E-AB41-19EA88B228A3}.Debug|ARM.Build.0 = Debug|Any CPU
		{4AB319A0-B4E8-4F1E-AB41-19EA88B228A3}.Debug|ARM.Deploy.0 = Debug|Any CPU
		{4AB319A0-B4E8-4F1E-AB41-19EA88B228A3}.Debug|iPhone.ActiveCfg = Debug|Any CPU
		{4AB319A0-B4E8-4F1E-AB41-19EA88B228A3}.Debug|iPhone.Build.0 = Debug|Any CPU
		{4AB319A0-B4E8-4F1E-AB41-19EA88B228A3}.Debug|iPhone.Deploy.0 = Debug|Any CPU
		{4AB319A0-B4E8-4F1E-AB41-19EA88B228A3}.Debug|iPhoneSimulator.ActiveCfg = Debug|Any CPU
		{4AB319A0-B4E8-4F1E-AB41-19EA88B228A3}.Debug|iPhoneSimulator.Build.0 = Debug|Any CPU
		{4AB319A0-B4E8-4F1E-AB41-19EA88B228A3}.Debug|iPhoneSimulator.Deploy.0 = Debug|Any CPU
		{4AB319A0-B4E8-4F1E-AB41-19EA88B228A3}.Debug|x64.ActiveCfg = Debug|Any CPU
		{4AB319A0-B4E8-4F1E-AB41-19EA88B228A3}.Debug|x64.Build.0 = Debug|Any CPU
		{4AB319A0-B4E8-4F1E-AB41-19EA88B228A3}.Debug|x64.Deploy.0 = Debug|Any CPU
		{4AB319A0-B4E8-4F1E-AB41-19EA88B228A3}.Debug|x86.ActiveCfg = Debug|Any CPU
		{4AB319A0-B4E8-4F1E-AB41-19EA88B228A3}.Debug|x86.Build.0 = Debug|Any CPU
		{4AB319A0-B4E8-4F1E-AB41-19EA88B228A3}.Debug|x86.Deploy.0 = Debug|Any CPU
		{4AB319A0-B4E8-4F1E-AB41-19EA88B228A3}.Release|Any CPU.ActiveCfg = Release|Any CPU
		{4AB319A0-B4E8-4F1E-AB41-19EA88B228A3}.Release|Any CPU.Build.0 = Release|Any CPU
		{4AB319A0-B4E8-4F1E-AB41-19EA88B228A3}.Release|Any CPU.Deploy.0 = Release|Any CPU
		{4AB319A0-B4E8-4F1E-AB41-19EA88B228A3}.Release|ARM.ActiveCfg = Release|Any CPU
		{4AB319A0-B4E8-4F1E-AB41-19EA88B228A3}.Release|ARM.Build.0 = Release|Any CPU
		{4AB319A0-B4E8-4F1E-AB41-19EA88B228A3}.Release|ARM.Deploy.0 = Release|Any CPU
		{4AB319A0-B4E8-4F1E-AB41-19EA88B228A3}.Release|iPhone.ActiveCfg = Release|Any CPU
		{4AB319A0-B4E8-4F1E-AB41-19EA88B228A3}.Release|iPhone.Build.0 = Release|Any CPU
		{4AB319A0-B4E8-4F1E-AB41-19EA88B228A3}.Release|iPhone.Deploy.0 = Release|Any CPU
		{4AB319A0-B4E8-4F1E-AB41-19EA88B228A3}.Release|iPhoneSimulator.ActiveCfg = Release|Any CPU
		{4AB319A0-B4E8-4F1E-AB41-19EA88B228A3}.Release|iPhoneSimulator.Build.0 = Release|Any CPU
		{4AB319A0-B4E8-4F1E-AB41-19EA88B228A3}.Release|iPhoneSimulator.Deploy.0 = Release|Any CPU
		{4AB319A0-B4E8-4F1E-AB41-19EA88B228A3}.Release|x64.ActiveCfg = Release|Any CPU
		{4AB319A0-B4E8-4F1E-AB41-19EA88B228A3}.Release|x64.Build.0 = Release|Any CPU
		{4AB319A0-B4E8-4F1E-AB41-19EA88B228A3}.Release|x64.Deploy.0 = Release|Any CPU
		{4AB319A0-B4E8-4F1E-AB41-19EA88B228A3}.Release|x86.ActiveCfg = Release|Any CPU
		{4AB319A0-B4E8-4F1E-AB41-19EA88B228A3}.Release|x86.Build.0 = Release|Any CPU
		{4AB319A0-B4E8-4F1E-AB41-19EA88B228A3}.Release|x86.Deploy.0 = Release|Any CPU
		{113AE897-FF2C-4578-9919-F659EF634B1E}.Ad-Hoc|Any CPU.ActiveCfg = Ad-Hoc|iPhone
		{113AE897-FF2C-4578-9919-F659EF634B1E}.Ad-Hoc|ARM.ActiveCfg = Ad-Hoc|iPhone
		{113AE897-FF2C-4578-9919-F659EF634B1E}.Ad-Hoc|iPhone.ActiveCfg = Ad-Hoc|iPhone
		{113AE897-FF2C-4578-9919-F659EF634B1E}.Ad-Hoc|iPhone.Build.0 = Ad-Hoc|iPhone
		{113AE897-FF2C-4578-9919-F659EF634B1E}.Ad-Hoc|iPhoneSimulator.ActiveCfg = Ad-Hoc|iPhoneSimulator
		{113AE897-FF2C-4578-9919-F659EF634B1E}.Ad-Hoc|iPhoneSimulator.Build.0 = Ad-Hoc|iPhoneSimulator
		{113AE897-FF2C-4578-9919-F659EF634B1E}.Ad-Hoc|x64.ActiveCfg = Ad-Hoc|iPhone
		{113AE897-FF2C-4578-9919-F659EF634B1E}.Ad-Hoc|x86.ActiveCfg = Ad-Hoc|iPhone
		{113AE897-FF2C-4578-9919-F659EF634B1E}.AppStore|Any CPU.ActiveCfg = AppStore|iPhone
		{113AE897-FF2C-4578-9919-F659EF634B1E}.AppStore|ARM.ActiveCfg = AppStore|iPhone
		{113AE897-FF2C-4578-9919-F659EF634B1E}.AppStore|iPhone.ActiveCfg = AppStore|iPhone
		{113AE897-FF2C-4578-9919-F659EF634B1E}.AppStore|iPhone.Build.0 = AppStore|iPhone
		{113AE897-FF2C-4578-9919-F659EF634B1E}.AppStore|iPhoneSimulator.ActiveCfg = AppStore|iPhoneSimulator
		{113AE897-FF2C-4578-9919-F659EF634B1E}.AppStore|iPhoneSimulator.Build.0 = AppStore|iPhoneSimulator
		{113AE897-FF2C-4578-9919-F659EF634B1E}.AppStore|x64.ActiveCfg = AppStore|iPhone
		{113AE897-FF2C-4578-9919-F659EF634B1E}.AppStore|x86.ActiveCfg = AppStore|iPhone
		{113AE897-FF2C-4578-9919-F659EF634B1E}.Debug|Any CPU.ActiveCfg = Debug|iPhone
		{113AE897-FF2C-4578-9919-F659EF634B1E}.Debug|ARM.ActiveCfg = Debug|iPhone
		{113AE897-FF2C-4578-9919-F659EF634B1E}.Debug|iPhone.ActiveCfg = Debug|iPhone
		{113AE897-FF2C-4578-9919-F659EF634B1E}.Debug|iPhone.Build.0 = Debug|iPhone
		{113AE897-FF2C-4578-9919-F659EF634B1E}.Debug|iPhoneSimulator.ActiveCfg = Debug|iPhoneSimulator
		{113AE897-FF2C-4578-9919-F659EF634B1E}.Debug|iPhoneSimulator.Build.0 = Debug|iPhoneSimulator
		{113AE897-FF2C-4578-9919-F659EF634B1E}.Debug|x64.ActiveCfg = Debug|iPhone
		{113AE897-FF2C-4578-9919-F659EF634B1E}.Debug|x86.ActiveCfg = Debug|iPhone
		{113AE897-FF2C-4578-9919-F659EF634B1E}.Release|Any CPU.ActiveCfg = Release|iPhone
		{113AE897-FF2C-4578-9919-F659EF634B1E}.Release|ARM.ActiveCfg = Release|iPhone
		{113AE897-FF2C-4578-9919-F659EF634B1E}.Release|iPhone.ActiveCfg = Release|iPhone
		{113AE897-FF2C-4578-9919-F659EF634B1E}.Release|iPhone.Build.0 = Release|iPhone
		{113AE897-FF2C-4578-9919-F659EF634B1E}.Release|iPhoneSimulator.ActiveCfg = Release|iPhoneSimulator
		{113AE897-FF2C-4578-9919-F659EF634B1E}.Release|iPhoneSimulator.Build.0 = Release|iPhoneSimulator
		{113AE897-FF2C-4578-9919-F659EF634B1E}.Release|x64.ActiveCfg = Release|iPhone
		{113AE897-FF2C-4578-9919-F659EF634B1E}.Release|x86.ActiveCfg = Release|iPhone
		{808F8AF6-EE63-463B-A67E-73E20166F982}.Ad-Hoc|Any CPU.ActiveCfg = Release|Any CPU
		{808F8AF6-EE63-463B-A67E-73E20166F982}.Ad-Hoc|Any CPU.Build.0 = Release|Any CPU
		{808F8AF6-EE63-463B-A67E-73E20166F982}.Ad-Hoc|Any CPU.Deploy.0 = Release|Any CPU
		{808F8AF6-EE63-463B-A67E-73E20166F982}.Ad-Hoc|ARM.ActiveCfg = Release|ARM
		{808F8AF6-EE63-463B-A67E-73E20166F982}.Ad-Hoc|ARM.Build.0 = Release|ARM
		{808F8AF6-EE63-463B-A67E-73E20166F982}.Ad-Hoc|ARM.Deploy.0 = Release|ARM
		{808F8AF6-EE63-463B-A67E-73E20166F982}.Ad-Hoc|iPhone.ActiveCfg = Release|Any CPU
		{808F8AF6-EE63-463B-A67E-73E20166F982}.Ad-Hoc|iPhone.Build.0 = Release|Any CPU
		{808F8AF6-EE63-463B-A67E-73E20166F982}.Ad-Hoc|iPhone.Deploy.0 = Release|Any CPU
		{808F8AF6-EE63-463B-A67E-73E20166F982}.Ad-Hoc|iPhoneSimulator.ActiveCfg = Release|Any CPU
		{808F8AF6-EE63-463B-A67E-73E20166F982}.Ad-Hoc|iPhoneSimulator.Build.0 = Release|Any CPU
		{808F8AF6-EE63-463B-A67E-73E20166F982}.Ad-Hoc|iPhoneSimulator.Deploy.0 = Release|Any CPU
		{808F8AF6-EE63-463B-A67E-73E20166F982}.Ad-Hoc|x64.ActiveCfg = Release|Any CPU
		{808F8AF6-EE63-463B-A67E-73E20166F982}.Ad-Hoc|x64.Build.0 = Release|Any CPU
		{808F8AF6-EE63-463B-A67E-73E20166F982}.Ad-Hoc|x64.Deploy.0 = Release|Any CPU
		{808F8AF6-EE63-463B-A67E-73E20166F982}.Ad-Hoc|x86.ActiveCfg = Release|x86
		{808F8AF6-EE63-463B-A67E-73E20166F982}.Ad-Hoc|x86.Build.0 = Release|x86
		{808F8AF6-EE63-463B-A67E-73E20166F982}.Ad-Hoc|x86.Deploy.0 = Release|x86
		{808F8AF6-EE63-463B-A67E-73E20166F982}.AppStore|Any CPU.ActiveCfg = Release|Any CPU
		{808F8AF6-EE63-463B-A67E-73E20166F982}.AppStore|Any CPU.Build.0 = Release|Any CPU
		{808F8AF6-EE63-463B-A67E-73E20166F982}.AppStore|Any CPU.Deploy.0 = Release|Any CPU
		{808F8AF6-EE63-463B-A67E-73E20166F982}.AppStore|ARM.ActiveCfg = Release|ARM
		{808F8AF6-EE63-463B-A67E-73E20166F982}.AppStore|ARM.Build.0 = Release|ARM
		{808F8AF6-EE63-463B-A67E-73E20166F982}.AppStore|ARM.Deploy.0 = Release|ARM
		{808F8AF6-EE63-463B-A67E-73E20166F982}.AppStore|iPhone.ActiveCfg = Release|Any CPU
		{808F8AF6-EE63-463B-A67E-73E20166F982}.AppStore|iPhone.Build.0 = Release|Any CPU
		{808F8AF6-EE63-463B-A67E-73E20166F982}.AppStore|iPhone.Deploy.0 = Release|Any CPU
		{808F8AF6-EE63-463B-A67E-73E20166F982}.AppStore|iPhoneSimulator.ActiveCfg = Release|Any CPU
		{808F8AF6-EE63-463B-A67E-73E20166F982}.AppStore|iPhoneSimulator.Build.0 = Release|Any CPU
		{808F8AF6-EE63-463B-A67E-73E20166F982}.AppStore|iPhoneSimulator.Deploy.0 = Release|Any CPU
		{808F8AF6-EE63-463B-A67E-73E20166F982}.AppStore|x64.ActiveCfg = Release|Any CPU
		{808F8AF6-EE63-463B-A67E-73E20166F982}.AppStore|x64.Build.0 = Release|Any CPU
		{808F8AF6-EE63-463B-A67E-73E20166F982}.AppStore|x64.Deploy.0 = Release|Any CPU
		{808F8AF6-EE63-463B-A67E-73E20166F982}.AppStore|x86.ActiveCfg = Release|x86
		{808F8AF6-EE63-463B-A67E-73E20166F982}.AppStore|x86.Build.0 = Release|x86
		{808F8AF6-EE63-463B-A67E-73E20166F982}.AppStore|x86.Deploy.0 = Release|x86
		{808F8AF6-EE63-463B-A67E-73E20166F982}.Debug|Any CPU.ActiveCfg = Debug|Any CPU
		{808F8AF6-EE63-463B-A67E-73E20166F982}.Debug|Any CPU.Build.0 = Debug|Any CPU
		{808F8AF6-EE63-463B-A67E-73E20166F982}.Debug|Any CPU.Deploy.0 = Debug|Any CPU
		{808F8AF6-EE63-463B-A67E-73E20166F982}.Debug|ARM.ActiveCfg = Debug|ARM
		{808F8AF6-EE63-463B-A67E-73E20166F982}.Debug|ARM.Build.0 = Debug|ARM
		{808F8AF6-EE63-463B-A67E-73E20166F982}.Debug|ARM.Deploy.0 = Debug|ARM
		{808F8AF6-EE63-463B-A67E-73E20166F982}.Debug|iPhone.ActiveCfg = Debug|Any CPU
		{808F8AF6-EE63-463B-A67E-73E20166F982}.Debug|iPhone.Build.0 = Debug|Any CPU
		{808F8AF6-EE63-463B-A67E-73E20166F982}.Debug|iPhone.Deploy.0 = Debug|Any CPU
		{808F8AF6-EE63-463B-A67E-73E20166F982}.Debug|iPhoneSimulator.ActiveCfg = Debug|Any CPU
		{808F8AF6-EE63-463B-A67E-73E20166F982}.Debug|iPhoneSimulator.Build.0 = Debug|Any CPU
		{808F8AF6-EE63-463B-A67E-73E20166F982}.Debug|iPhoneSimulator.Deploy.0 = Debug|Any CPU
		{808F8AF6-EE63-463B-A67E-73E20166F982}.Debug|x64.ActiveCfg = Debug|Any CPU
		{808F8AF6-EE63-463B-A67E-73E20166F982}.Debug|x64.Build.0 = Debug|Any CPU
		{808F8AF6-EE63-463B-A67E-73E20166F982}.Debug|x64.Deploy.0 = Debug|Any CPU
		{808F8AF6-EE63-463B-A67E-73E20166F982}.Debug|x86.ActiveCfg = Debug|x86
		{808F8AF6-EE63-463B-A67E-73E20166F982}.Debug|x86.Build.0 = Debug|x86
		{808F8AF6-EE63-463B-A67E-73E20166F982}.Debug|x86.Deploy.0 = Debug|x86
		{808F8AF6-EE63-463B-A67E-73E20166F982}.Release|Any CPU.ActiveCfg = Release|Any CPU
		{808F8AF6-EE63-463B-A67E-73E20166F982}.Release|Any CPU.Build.0 = Release|Any CPU
		{808F8AF6-EE63-463B-A67E-73E20166F982}.Release|Any CPU.Deploy.0 = Release|Any CPU
		{808F8AF6-EE63-463B-A67E-73E20166F982}.Release|ARM.ActiveCfg = Release|ARM
		{808F8AF6-EE63-463B-A67E-73E20166F982}.Release|ARM.Build.0 = Release|ARM
		{808F8AF6-EE63-463B-A67E-73E20166F982}.Release|ARM.Deploy.0 = Release|ARM
		{808F8AF6-EE63-463B-A67E-73E20166F982}.Release|iPhone.ActiveCfg = Release|Any CPU
		{808F8AF6-EE63-463B-A67E-73E20166F982}.Release|iPhone.Build.0 = Release|Any CPU
		{808F8AF6-EE63-463B-A67E-73E20166F982}.Release|iPhone.Deploy.0 = Release|Any CPU
		{808F8AF6-EE63-463B-A67E-73E20166F982}.Release|iPhoneSimulator.ActiveCfg = Release|Any CPU
		{808F8AF6-EE63-463B-A67E-73E20166F982}.Release|iPhoneSimulator.Build.0 = Release|Any CPU
		{808F8AF6-EE63-463B-A67E-73E20166F982}.Release|iPhoneSimulator.Deploy.0 = Release|Any CPU
		{808F8AF6-EE63-463B-A67E-73E20166F982}.Release|x64.ActiveCfg = Release|Any CPU
		{808F8AF6-EE63-463B-A67E-73E20166F982}.Release|x64.Build.0 = Release|Any CPU
		{808F8AF6-EE63-463B-A67E-73E20166F982}.Release|x64.Deploy.0 = Release|Any CPU
		{808F8AF6-EE63-463B-A67E-73E20166F982}.Release|x86.ActiveCfg = Release|x86
		{808F8AF6-EE63-463B-A67E-73E20166F982}.Release|x86.Build.0 = Release|x86
		{808F8AF6-EE63-463B-A67E-73E20166F982}.Release|x86.Deploy.0 = Release|x86
		{DD451563-B4C9-437B-8816-90046C650300}.Ad-Hoc|Any CPU.ActiveCfg = Release|Any CPU
		{DD451563-B4C9-437B-8816-90046C650300}.Ad-Hoc|Any CPU.Build.0 = Release|Any CPU
		{DD451563-B4C9-437B-8816-90046C650300}.Ad-Hoc|Any CPU.Deploy.0 = Release|Any CPU
		{DD451563-B4C9-437B-8816-90046C650300}.Ad-Hoc|ARM.ActiveCfg = Release|ARM
		{DD451563-B4C9-437B-8816-90046C650300}.Ad-Hoc|ARM.Build.0 = Release|ARM
		{DD451563-B4C9-437B-8816-90046C650300}.Ad-Hoc|ARM.Deploy.0 = Release|ARM
		{DD451563-B4C9-437B-8816-90046C650300}.Ad-Hoc|iPhone.ActiveCfg = Release|Any CPU
		{DD451563-B4C9-437B-8816-90046C650300}.Ad-Hoc|iPhone.Build.0 = Release|Any CPU
		{DD451563-B4C9-437B-8816-90046C650300}.Ad-Hoc|iPhone.Deploy.0 = Release|Any CPU
		{DD451563-B4C9-437B-8816-90046C650300}.Ad-Hoc|iPhoneSimulator.ActiveCfg = Release|Any CPU
		{DD451563-B4C9-437B-8816-90046C650300}.Ad-Hoc|iPhoneSimulator.Build.0 = Release|Any CPU
		{DD451563-B4C9-437B-8816-90046C650300}.Ad-Hoc|iPhoneSimulator.Deploy.0 = Release|Any CPU
		{DD451563-B4C9-437B-8816-90046C650300}.Ad-Hoc|x64.ActiveCfg = Release|x64
		{DD451563-B4C9-437B-8816-90046C650300}.Ad-Hoc|x64.Build.0 = Release|x64
		{DD451563-B4C9-437B-8816-90046C650300}.Ad-Hoc|x64.Deploy.0 = Release|x64
		{DD451563-B4C9-437B-8816-90046C650300}.Ad-Hoc|x86.ActiveCfg = Release|x86
		{DD451563-B4C9-437B-8816-90046C650300}.Ad-Hoc|x86.Build.0 = Release|x86
		{DD451563-B4C9-437B-8816-90046C650300}.Ad-Hoc|x86.Deploy.0 = Release|x86
		{DD451563-B4C9-437B-8816-90046C650300}.AppStore|Any CPU.ActiveCfg = Release|Any CPU
		{DD451563-B4C9-437B-8816-90046C650300}.AppStore|Any CPU.Build.0 = Release|Any CPU
		{DD451563-B4C9-437B-8816-90046C650300}.AppStore|Any CPU.Deploy.0 = Release|Any CPU
		{DD451563-B4C9-437B-8816-90046C650300}.AppStore|ARM.ActiveCfg = Release|ARM
		{DD451563-B4C9-437B-8816-90046C650300}.AppStore|ARM.Build.0 = Release|ARM
		{DD451563-B4C9-437B-8816-90046C650300}.AppStore|ARM.Deploy.0 = Release|ARM
		{DD451563-B4C9-437B-8816-90046C650300}.AppStore|iPhone.ActiveCfg = Release|Any CPU
		{DD451563-B4C9-437B-8816-90046C650300}.AppStore|iPhone.Build.0 = Release|Any CPU
		{DD451563-B4C9-437B-8816-90046C650300}.AppStore|iPhone.Deploy.0 = Release|Any CPU
		{DD451563-B4C9-437B-8816-90046C650300}.AppStore|iPhoneSimulator.ActiveCfg = Release|Any CPU
		{DD451563-B4C9-437B-8816-90046C650300}.AppStore|iPhoneSimulator.Build.0 = Release|Any CPU
		{DD451563-B4C9-437B-8816-90046C650300}.AppStore|iPhoneSimulator.Deploy.0 = Release|Any CPU
		{DD451563-B4C9-437B-8816-90046C650300}.AppStore|x64.ActiveCfg = Release|x64
		{DD451563-B4C9-437B-8816-90046C650300}.AppStore|x64.Build.0 = Release|x64
		{DD451563-B4C9-437B-8816-90046C650300}.AppStore|x64.Deploy.0 = Release|x64
		{DD451563-B4C9-437B-8816-90046C650300}.AppStore|x86.ActiveCfg = Release|x86
		{DD451563-B4C9-437B-8816-90046C650300}.AppStore|x86.Build.0 = Release|x86
		{DD451563-B4C9-437B-8816-90046C650300}.AppStore|x86.Deploy.0 = Release|x86
		{DD451563-B4C9-437B-8816-90046C650300}.Debug|Any CPU.ActiveCfg = Debug|Any CPU
		{DD451563-B4C9-437B-8816-90046C650300}.Debug|Any CPU.Build.0 = Debug|Any CPU
		{DD451563-B4C9-437B-8816-90046C650300}.Debug|Any CPU.Deploy.0 = Debug|Any CPU
		{DD451563-B4C9-437B-8816-90046C650300}.Debug|ARM.ActiveCfg = Debug|ARM
		{DD451563-B4C9-437B-8816-90046C650300}.Debug|ARM.Build.0 = Debug|ARM
		{DD451563-B4C9-437B-8816-90046C650300}.Debug|ARM.Deploy.0 = Debug|ARM
		{DD451563-B4C9-437B-8816-90046C650300}.Debug|iPhone.ActiveCfg = Debug|Any CPU
		{DD451563-B4C9-437B-8816-90046C650300}.Debug|iPhone.Build.0 = Debug|Any CPU
		{DD451563-B4C9-437B-8816-90046C650300}.Debug|iPhone.Deploy.0 = Debug|Any CPU
		{DD451563-B4C9-437B-8816-90046C650300}.Debug|iPhoneSimulator.ActiveCfg = Debug|Any CPU
		{DD451563-B4C9-437B-8816-90046C650300}.Debug|iPhoneSimulator.Build.0 = Debug|Any CPU
		{DD451563-B4C9-437B-8816-90046C650300}.Debug|iPhoneSimulator.Deploy.0 = Debug|Any CPU
		{DD451563-B4C9-437B-8816-90046C650300}.Debug|x64.ActiveCfg = Debug|x64
		{DD451563-B4C9-437B-8816-90046C650300}.Debug|x64.Build.0 = Debug|x64
		{DD451563-B4C9-437B-8816-90046C650300}.Debug|x64.Deploy.0 = Debug|x64
		{DD451563-B4C9-437B-8816-90046C650300}.Debug|x86.ActiveCfg = Debug|x86
		{DD451563-B4C9-437B-8816-90046C650300}.Debug|x86.Build.0 = Debug|x86
		{DD451563-B4C9-437B-8816-90046C650300}.Debug|x86.Deploy.0 = Debug|x86
		{DD451563-B4C9-437B-8816-90046C650300}.Release|Any CPU.ActiveCfg = Release|Any CPU
		{DD451563-B4C9-437B-8816-90046C650300}.Release|Any CPU.Build.0 = Release|Any CPU
		{DD451563-B4C9-437B-8816-90046C650300}.Release|Any CPU.Deploy.0 = Release|Any CPU
		{DD451563-B4C9-437B-8816-90046C650300}.Release|ARM.ActiveCfg = Release|ARM
		{DD451563-B4C9-437B-8816-90046C650300}.Release|ARM.Build.0 = Release|ARM
		{DD451563-B4C9-437B-8816-90046C650300}.Release|ARM.Deploy.0 = Release|ARM
		{DD451563-B4C9-437B-8816-90046C650300}.Release|iPhone.ActiveCfg = Release|Any CPU
		{DD451563-B4C9-437B-8816-90046C650300}.Release|iPhone.Build.0 = Release|Any CPU
		{DD451563-B4C9-437B-8816-90046C650300}.Release|iPhone.Deploy.0 = Release|Any CPU
		{DD451563-B4C9-437B-8816-90046C650300}.Release|iPhoneSimulator.ActiveCfg = Release|Any CPU
		{DD451563-B4C9-437B-8816-90046C650300}.Release|iPhoneSimulator.Build.0 = Release|Any CPU
		{DD451563-B4C9-437B-8816-90046C650300}.Release|iPhoneSimulator.Deploy.0 = Release|Any CPU
		{DD451563-B4C9-437B-8816-90046C650300}.Release|x64.ActiveCfg = Release|x64
		{DD451563-B4C9-437B-8816-90046C650300}.Release|x64.Build.0 = Release|x64
		{DD451563-B4C9-437B-8816-90046C650300}.Release|x64.Deploy.0 = Release|x64
		{DD451563-B4C9-437B-8816-90046C650300}.Release|x86.ActiveCfg = Release|x86
		{DD451563-B4C9-437B-8816-90046C650300}.Release|x86.Build.0 = Release|x86
		{DD451563-B4C9-437B-8816-90046C650300}.Release|x86.Deploy.0 = Release|x86
	EndGlobalSection
	GlobalSection(SolutionProperties) = preSolution
		HideSolutionNode = FALSE
	EndGlobalSection
EndGlobal
